// !$*UTF8*$!
{
	archiveVersion = 1;
	classes = {
	};
	objectVersion = 48;
	objects = {

/* Begin PBXBuildFile section */
		6E658DB020822FE700D6ECE3 /* AppDelegate.swift in Sources */ = {isa = PBXBuildFile; fileRef = 6E658DAF20822FE700D6ECE3 /* AppDelegate.swift */; };
		6E658DB520822FE700D6ECE3 /* Main.storyboard in Resources */ = {isa = PBXBuildFile; fileRef = 6E658DB320822FE700D6ECE3 /* Main.storyboard */; };
		6E658DB720822FE700D6ECE3 /* Assets.xcassets in Resources */ = {isa = PBXBuildFile; fileRef = 6E658DB620822FE700D6ECE3 /* Assets.xcassets */; };
		6E658DBA20822FE700D6ECE3 /* LaunchScreen.storyboard in Resources */ = {isa = PBXBuildFile; fileRef = 6E658DB820822FE700D6ECE3 /* LaunchScreen.storyboard */; };
		6E658DC520822FE800D6ECE3 /* SwiftExerciseTests.swift in Sources */ = {isa = PBXBuildFile; fileRef = 6E658DC420822FE800D6ECE3 /* SwiftExerciseTests.swift */; };
		6E658DD020822FE800D6ECE3 /* SwiftExerciseUITests.swift in Sources */ = {isa = PBXBuildFile; fileRef = 6E658DCF20822FE800D6ECE3 /* SwiftExerciseUITests.swift */; };
		6E658DDE208230C200D6ECE3 /* CustomerDetailViewController.swift in Sources */ = {isa = PBXBuildFile; fileRef = 6E658DDD208230C200D6ECE3 /* CustomerDetailViewController.swift */; };
		6E658DE0208230D800D6ECE3 /* CustomerListViewController.swift in Sources */ = {isa = PBXBuildFile; fileRef = 6E658DDF208230D800D6ECE3 /* CustomerListViewController.swift */; };
		6E658DE2208290AF00D6ECE3 /* TableViewCell.swift in Sources */ = {isa = PBXBuildFile; fileRef = 6E658DE1208290AF00D6ECE3 /* TableViewCell.swift */; };
		6E658DE4208290CC00D6ECE3 /* ListItem.swift in Sources */ = {isa = PBXBuildFile; fileRef = 6E658DE3208290CC00D6ECE3 /* ListItem.swift */; };
/* End PBXBuildFile section */

/* Begin PBXContainerItemProxy section */
		6E658DC120822FE800D6ECE3 /* PBXContainerItemProxy */ = {
			isa = PBXContainerItemProxy;
			containerPortal = 6E658DA420822FE700D6ECE3 /* Project object */;
			proxyType = 1;
			remoteGlobalIDString = 6E658DAB20822FE700D6ECE3;
			remoteInfo = SwiftExercise;
		};
		6E658DCC20822FE800D6ECE3 /* PBXContainerItemProxy */ = {
			isa = PBXContainerItemProxy;
			containerPortal = 6E658DA420822FE700D6ECE3 /* Project object */;
			proxyType = 1;
			remoteGlobalIDString = 6E658DAB20822FE700D6ECE3;
			remoteInfo = SwiftExercise;
		};
/* End PBXContainerItemProxy section */

/* Begin PBXFileReference section */
		6E658DAC20822FE700D6ECE3 /* SwiftExercise.app */ = {isa = PBXFileReference; explicitFileType = wrapper.application; includeInIndex = 0; path = SwiftExercise.app; sourceTree = BUILT_PRODUCTS_DIR; };
		6E658DAF20822FE700D6ECE3 /* AppDelegate.swift */ = {isa = PBXFileReference; lastKnownFileType = sourcecode.swift; path = AppDelegate.swift; sourceTree = "<group>"; };
		6E658DB420822FE700D6ECE3 /* Base */ = {isa = PBXFileReference; lastKnownFileType = file.storyboard; name = Base; path = Base.lproj/Main.storyboard; sourceTree = "<group>"; };
		6E658DB620822FE700D6ECE3 /* Assets.xcassets */ = {isa = PBXFileReference; lastKnownFileType = folder.assetcatalog; path = Assets.xcassets; sourceTree = "<group>"; };
		6E658DB920822FE700D6ECE3 /* Base */ = {isa = PBXFileReference; lastKnownFileType = file.storyboard; name = Base; path = Base.lproj/LaunchScreen.storyboard; sourceTree = "<group>"; };
		6E658DBB20822FE700D6ECE3 /* Info.plist */ = {isa = PBXFileReference; lastKnownFileType = text.plist.xml; path = Info.plist; sourceTree = "<group>"; };
		6E658DC020822FE800D6ECE3 /* SwiftExerciseTests.xctest */ = {isa = PBXFileReference; explicitFileType = wrapper.cfbundle; includeInIndex = 0; path = SwiftExerciseTests.xctest; sourceTree = BUILT_PRODUCTS_DIR; };
		6E658DC420822FE800D6ECE3 /* SwiftExerciseTests.swift */ = {isa = PBXFileReference; lastKnownFileType = sourcecode.swift; path = SwiftExerciseTests.swift; sourceTree = "<group>"; };
		6E658DC620822FE800D6ECE3 /* Info.plist */ = {isa = PBXFileReference; lastKnownFileType = text.plist.xml; path = Info.plist; sourceTree = "<group>"; };
		6E658DCB20822FE800D6ECE3 /* SwiftExerciseUITests.xctest */ = {isa = PBXFileReference; explicitFileType = wrapper.cfbundle; includeInIndex = 0; path = SwiftExerciseUITests.xctest; sourceTree = BUILT_PRODUCTS_DIR; };
		6E658DCF20822FE800D6ECE3 /* SwiftExerciseUITests.swift */ = {isa = PBXFileReference; lastKnownFileType = sourcecode.swift; path = SwiftExerciseUITests.swift; sourceTree = "<group>"; };
		6E658DD120822FE800D6ECE3 /* Info.plist */ = {isa = PBXFileReference; lastKnownFileType = text.plist.xml; path = Info.plist; sourceTree = "<group>"; };
		6E658DDD208230C200D6ECE3 /* CustomerDetailViewController.swift */ = {isa = PBXFileReference; lastKnownFileType = sourcecode.swift; path = CustomerDetailViewController.swift; sourceTree = "<group>"; };
		6E658DDF208230D800D6ECE3 /* CustomerListViewController.swift */ = {isa = PBXFileReference; lastKnownFileType = sourcecode.swift; path = CustomerListViewController.swift; sourceTree = "<group>"; };
		6E658DE1208290AF00D6ECE3 /* TableViewCell.swift */ = {isa = PBXFileReference; fileEncoding = 4; lastKnownFileType = sourcecode.swift; path = TableViewCell.swift; sourceTree = "<group>"; };
		6E658DE3208290CC00D6ECE3 /* ListItem.swift */ = {isa = PBXFileReference; fileEncoding = 4; lastKnownFileType = sourcecode.swift; path = ListItem.swift; sourceTree = "<group>"; };
/* End PBXFileReference section */

/* Begin PBXFrameworksBuildPhase section */
		6E658DA920822FE700D6ECE3 /* Frameworks */ = {
			isa = PBXFrameworksBuildPhase;
			buildActionMask = 2147483647;
			files = (
			);
			runOnlyForDeploymentPostprocessing = 0;
		};
		6E658DBD20822FE800D6ECE3 /* Frameworks */ = {
			isa = PBXFrameworksBuildPhase;
			buildActionMask = 2147483647;
			files = (
			);
			runOnlyForDeploymentPostprocessing = 0;
		};
		6E658DC820822FE800D6ECE3 /* Frameworks */ = {
			isa = PBXFrameworksBuildPhase;
			buildActionMask = 2147483647;
			files = (
			);
			runOnlyForDeploymentPostprocessing = 0;
		};
/* End PBXFrameworksBuildPhase section */

/* Begin PBXGroup section */
		6E658DA320822FE700D6ECE3 = {
			isa = PBXGroup;
			children = (
				6E658DAE20822FE700D6ECE3 /* SwiftExercise */,
				6E658DC320822FE800D6ECE3 /* SwiftExerciseTests */,
				6E658DCE20822FE800D6ECE3 /* SwiftExerciseUITests */,
				6E658DAD20822FE700D6ECE3 /* Products */,
			);
			sourceTree = "<group>";
		};
		6E658DAD20822FE700D6ECE3 /* Products */ = {
			isa = PBXGroup;
			children = (
				6E658DAC20822FE700D6ECE3 /* SwiftExercise.app */,
				6E658DC020822FE800D6ECE3 /* SwiftExerciseTests.xctest */,
				6E658DCB20822FE800D6ECE3 /* SwiftExerciseUITests.xctest */,
			);
			name = Products;
			sourceTree = "<group>";
		};
		6E658DAE20822FE700D6ECE3 /* SwiftExercise */ = {
			isa = PBXGroup;
			children = (
				6E658DE3208290CC00D6ECE3 /* ListItem.swift */,
				6E658DE1208290AF00D6ECE3 /* TableViewCell.swift */,
				6E658DAF20822FE700D6ECE3 /* AppDelegate.swift */,
				6E658DB320822FE700D6ECE3 /* Main.storyboard */,
				6E658DB620822FE700D6ECE3 /* Assets.xcassets */,
				6E658DB820822FE700D6ECE3 /* LaunchScreen.storyboard */,
				6E658DBB20822FE700D6ECE3 /* Info.plist */,
				6E658DDD208230C200D6ECE3 /* CustomerDetailViewController.swift */,
				6E658DDF208230D800D6ECE3 /* CustomerListViewController.swift */,
			);
			path = SwiftExercise;
			sourceTree = "<group>";
		};
		6E658DC320822FE800D6ECE3 /* SwiftExerciseTests */ = {
			isa = PBXGroup;
			children = (
				6E658DC420822FE800D6ECE3 /* SwiftExerciseTests.swift */,
				6E658DC620822FE800D6ECE3 /* Info.plist */,
			);
			path = SwiftExerciseTests;
			sourceTree = "<group>";
		};
		6E658DCE20822FE800D6ECE3 /* SwiftExerciseUITests */ = {
			isa = PBXGroup;
			children = (
				6E658DCF20822FE800D6ECE3 /* SwiftExerciseUITests.swift */,
				6E658DD120822FE800D6ECE3 /* Info.plist */,
			);
			path = SwiftExerciseUITests;
			sourceTree = "<group>";
		};
/* End PBXGroup section */

/* Begin PBXNativeTarget section */
		6E658DAB20822FE700D6ECE3 /* SwiftExercise */ = {
			isa = PBXNativeTarget;
			buildConfigurationList = 6E658DD420822FE800D6ECE3 /* Build configuration list for PBXNativeTarget "SwiftExercise" */;
			buildPhases = (
				6E658DA820822FE700D6ECE3 /* Sources */,
				6E658DA920822FE700D6ECE3 /* Frameworks */,
				6E658DAA20822FE700D6ECE3 /* Resources */,
			);
			buildRules = (
			);
			dependencies = (
			);
			name = SwiftExercise;
			productName = SwiftExercise;
			productReference = 6E658DAC20822FE700D6ECE3 /* SwiftExercise.app */;
			productType = "com.apple.product-type.application";
		};
		6E658DBF20822FE800D6ECE3 /* SwiftExerciseTests */ = {
			isa = PBXNativeTarget;
			buildConfigurationList = 6E658DD720822FE800D6ECE3 /* Build configuration list for PBXNativeTarget "SwiftExerciseTests" */;
			buildPhases = (
				6E658DBC20822FE800D6ECE3 /* Sources */,
				6E658DBD20822FE800D6ECE3 /* Frameworks */,
				6E658DBE20822FE800D6ECE3 /* Resources */,
			);
			buildRules = (
			);
			dependencies = (
				6E658DC220822FE800D6ECE3 /* PBXTargetDependency */,
			);
			name = SwiftExerciseTests;
			productName = SwiftExerciseTests;
			productReference = 6E658DC020822FE800D6ECE3 /* SwiftExerciseTests.xctest */;
			productType = "com.apple.product-type.bundle.unit-test";
		};
		6E658DCA20822FE800D6ECE3 /* SwiftExerciseUITests */ = {
			isa = PBXNativeTarget;
			buildConfigurationList = 6E658DDA20822FE800D6ECE3 /* Build configuration list for PBXNativeTarget "SwiftExerciseUITests" */;
			buildPhases = (
				6E658DC720822FE800D6ECE3 /* Sources */,
				6E658DC820822FE800D6ECE3 /* Frameworks */,
				6E658DC920822FE800D6ECE3 /* Resources */,
			);
			buildRules = (
			);
			dependencies = (
				6E658DCD20822FE800D6ECE3 /* PBXTargetDependency */,
			);
			name = SwiftExerciseUITests;
			productName = SwiftExerciseUITests;
			productReference = 6E658DCB20822FE800D6ECE3 /* SwiftExerciseUITests.xctest */;
			productType = "com.apple.product-type.bundle.ui-testing";
		};
/* End PBXNativeTarget section */

/* Begin PBXProject section */
		6E658DA420822FE700D6ECE3 /* Project object */ = {
			isa = PBXProject;
			attributes = {
				LastSwiftUpdateCheck = 0920;
				LastUpgradeCheck = 0920;
				ORGANIZATIONNAME = navidjalili;
				TargetAttributes = {
					6E658DAB20822FE700D6ECE3 = {
						CreatedOnToolsVersion = 9.2;
						ProvisioningStyle = Automatic;
					};
					6E658DBF20822FE800D6ECE3 = {
						CreatedOnToolsVersion = 9.2;
						ProvisioningStyle = Automatic;
						TestTargetID = 6E658DAB20822FE700D6ECE3;
					};
					6E658DCA20822FE800D6ECE3 = {
						CreatedOnToolsVersion = 9.2;
						ProvisioningStyle = Automatic;
						TestTargetID = 6E658DAB20822FE700D6ECE3;
					};
				};
			};
			buildConfigurationList = 6E658DA720822FE700D6ECE3 /* Build configuration list for PBXProject "SwiftExercise" */;
			compatibilityVersion = "Xcode 8.0";
			developmentRegion = en;
			hasScannedForEncodings = 0;
			knownRegions = (
				en,
				Base,
			);
			mainGroup = 6E658DA320822FE700D6ECE3;
			productRefGroup = 6E658DAD20822FE700D6ECE3 /* Products */;
			projectDirPath = "";
			projectRoot = "";
			targets = (
				6E658DAB20822FE700D6ECE3 /* SwiftExercise */,
				6E658DBF20822FE800D6ECE3 /* SwiftExerciseTests */,
				6E658DCA20822FE800D6ECE3 /* SwiftExerciseUITests */,
			);
		};
/* End PBXProject section */

/* Begin PBXResourcesBuildPhase section */
		6E658DAA20822FE700D6ECE3 /* Resources */ = {
			isa = PBXResourcesBuildPhase;
			buildActionMask = 2147483647;
			files = (
				6E658DBA20822FE700D6ECE3 /* LaunchScreen.storyboard in Resources */,
				6E658DB720822FE700D6ECE3 /* Assets.xcassets in Resources */,
				6E658DB520822FE700D6ECE3 /* Main.storyboard in Resources */,
			);
			runOnlyForDeploymentPostprocessing = 0;
		};
		6E658DBE20822FE800D6ECE3 /* Resources */ = {
			isa = PBXResourcesBuildPhase;
			buildActionMask = 2147483647;
			files = (
			);
			runOnlyForDeploymentPostprocessing = 0;
		};
		6E658DC920822FE800D6ECE3 /* Resources */ = {
			isa = PBXResourcesBuildPhase;
			buildActionMask = 2147483647;
			files = (
			);
			runOnlyForDeploymentPostprocessing = 0;
		};
/* End PBXResourcesBuildPhase section */

/* Begin PBXSourcesBuildPhase section */
		6E658DA820822FE700D6ECE3 /* Sources */ = {
			isa = PBXSourcesBuildPhase;
			buildActionMask = 2147483647;
			files = (
				6E658DE4208290CC00D6ECE3 /* ListItem.swift in Sources */,
				6E658DE2208290AF00D6ECE3 /* TableViewCell.swift in Sources */,
				6E658DE0208230D800D6ECE3 /* CustomerListViewController.swift in Sources */,
				6E658DB020822FE700D6ECE3 /* AppDelegate.swift in Sources */,
				6E658DDE208230C200D6ECE3 /* CustomerDetailViewController.swift in Sources */,
			);
			runOnlyForDeploymentPostprocessing = 0;
		};
		6E658DBC20822FE800D6ECE3 /* Sources */ = {
			isa = PBXSourcesBuildPhase;
			buildActionMask = 2147483647;
			files = (
				6E658DC520822FE800D6ECE3 /* SwiftExerciseTests.swift in Sources */,
			);
			runOnlyForDeploymentPostprocessing = 0;
		};
		6E658DC720822FE800D6ECE3 /* Sources */ = {
			isa = PBXSourcesBuildPhase;
			buildActionMask = 2147483647;
			files = (
				6E658DD020822FE800D6ECE3 /* SwiftExerciseUITests.swift in Sources */,
			);
			runOnlyForDeploymentPostprocessing = 0;
		};
/* End PBXSourcesBuildPhase section */

/* Begin PBXTargetDependency section */
		6E658DC220822FE800D6ECE3 /* PBXTargetDependency */ = {
			isa = PBXTargetDependency;
			target = 6E658DAB20822FE700D6ECE3 /* SwiftExercise */;
			targetProxy = 6E658DC120822FE800D6ECE3 /* PBXContainerItemProxy */;
		};
		6E658DCD20822FE800D6ECE3 /* PBXTargetDependency */ = {
			isa = PBXTargetDependency;
			target = 6E658DAB20822FE700D6ECE3 /* SwiftExercise */;
			targetProxy = 6E658DCC20822FE800D6ECE3 /* PBXContainerItemProxy */;
		};
/* End PBXTargetDependency section */

/* Begin PBXVariantGroup section */
		6E658DB320822FE700D6ECE3 /* Main.storyboard */ = {
			isa = PBXVariantGroup;
			children = (
				6E658DB420822FE700D6ECE3 /* Base */,
			);
			name = Main.storyboard;
			sourceTree = "<group>";
		};
		6E658DB820822FE700D6ECE3 /* LaunchScreen.storyboard */ = {
			isa = PBXVariantGroup;
			children = (
				6E658DB920822FE700D6ECE3 /* Base */,
			);
			name = LaunchScreen.storyboard;
			sourceTree = "<group>";
		};
/* End PBXVariantGroup section */

/* Begin XCBuildConfiguration section */
		6E658DD220822FE800D6ECE3 /* Debug */ = {
			isa = XCBuildConfiguration;
			buildSettings = {
				ALWAYS_SEARCH_USER_PATHS = NO;
				CLANG_ANALYZER_NONNULL = YES;
				CLANG_ANALYZER_NUMBER_OBJECT_CONVERSION = YES_AGGRESSIVE;
				CLANG_CXX_LANGUAGE_STANDARD = "gnu++14";
				CLANG_CXX_LIBRARY = "libc++";
				CLANG_ENABLE_MODULES = YES;
				CLANG_ENABLE_OBJC_ARC = YES;
				CLANG_WARN_BLOCK_CAPTURE_AUTORELEASING = YES;
				CLANG_WARN_BOOL_CONVERSION = YES;
				CLANG_WARN_COMMA = YES;
				CLANG_WARN_CONSTANT_CONVERSION = YES;
				CLANG_WARN_DIRECT_OBJC_ISA_USAGE = YES_ERROR;
				CLANG_WARN_DOCUMENTATION_COMMENTS = YES;
				CLANG_WARN_EMPTY_BODY = YES;
				CLANG_WARN_ENUM_CONVERSION = YES;
				CLANG_WARN_INFINITE_RECURSION = YES;
				CLANG_WARN_INT_CONVERSION = YES;
				CLANG_WARN_NON_LITERAL_NULL_CONVERSION = YES;
				CLANG_WARN_OBJC_LITERAL_CONVERSION = YES;
				CLANG_WARN_OBJC_ROOT_CLASS = YES_ERROR;
				CLANG_WARN_RANGE_LOOP_ANALYSIS = YES;
				CLANG_WARN_STRICT_PROTOTYPES = YES;
				CLANG_WARN_SUSPICIOUS_MOVE = YES;
				CLANG_WARN_UNGUARDED_AVAILABILITY = YES_AGGRESSIVE;
				CLANG_WARN_UNREACHABLE_CODE = YES;
				CLANG_WARN__DUPLICATE_METHOD_MATCH = YES;
				CODE_SIGN_IDENTITY = "iPhone Developer";
				COPY_PHASE_STRIP = NO;
				DEBUG_INFORMATION_FORMAT = dwarf;
				ENABLE_STRICT_OBJC_MSGSEND = YES;
				ENABLE_TESTABILITY = YES;
				GCC_C_LANGUAGE_STANDARD = gnu11;
				GCC_DYNAMIC_NO_PIC = NO;
				GCC_NO_COMMON_BLOCKS = YES;
				GCC_OPTIMIZATION_LEVEL = 0;
				GCC_PREPROCESSOR_DEFINITIONS = (
					"DEBUG=1",
					"$(inherited)",
				);
				GCC_WARN_64_TO_32_BIT_CONVERSION = YES;
				GCC_WARN_ABOUT_RETURN_TYPE = YES_ERROR;
				GCC_WARN_UNDECLARED_SELECTOR = YES;
				GCC_WARN_UNINITIALIZED_AUTOS = YES_AGGRESSIVE;
				GCC_WARN_UNUSED_FUNCTION = YES;
				GCC_WARN_UNUSED_VARIABLE = YES;
				IPHONEOS_DEPLOYMENT_TARGET = 11.2;
				MTL_ENABLE_DEBUG_INFO = YES;
				ONLY_ACTIVE_ARCH = YES;
				SDKROOT = iphoneos;
				SWIFT_ACTIVE_COMPILATION_CONDITIONS = DEBUG;
				SWIFT_OPTIMIZATION_LEVEL = "-Onone";
			};
			name = Debug;
		};
		6E658DD320822FE800D6ECE3 /* Release */ = {
			isa = XCBuildConfiguration;
			buildSettings = {
				ALWAYS_SEARCH_USER_PATHS = NO;
				CLANG_ANALYZER_NONNULL = YES;
				CLANG_ANALYZER_NUMBER_OBJECT_CONVERSION = YES_AGGRESSIVE;
				CLANG_CXX_LANGUAGE_STANDARD = "gnu++14";
				CLANG_CXX_LIBRARY = "libc++";
				CLANG_ENABLE_MODULES = YES;
				CLANG_ENABLE_OBJC_ARC = YES;
				CLANG_WARN_BLOCK_CAPTURE_AUTORELEASING = YES;
				CLANG_WARN_BOOL_CONVERSION = YES;
				CLANG_WARN_COMMA = YES;
				CLANG_WARN_CONSTANT_CONVERSION = YES;
				CLANG_WARN_DIRECT_OBJC_ISA_USAGE = YES_ERROR;
				CLANG_WARN_DOCUMENTATION_COMMENTS = YES;
				CLANG_WARN_EMPTY_BODY = YES;
				CLANG_WARN_ENUM_CONVERSION = YES;
				CLANG_WARN_INFINITE_RECURSION = YES;
				CLANG_WARN_INT_CONVERSION = YES;
				CLANG_WARN_NON_LITERAL_NULL_CONVERSION = YES;
				CLANG_WARN_OBJC_LITERAL_CONVERSION = YES;
				CLANG_WARN_OBJC_ROOT_CLASS = YES_ERROR;
				CLANG_WARN_RANGE_LOOP_ANALYSIS = YES;
				CLANG_WARN_STRICT_PROTOTYPES = YES;
				CLANG_WARN_SUSPICIOUS_MOVE = YES;
				CLANG_WARN_UNGUARDED_AVAILABILITY = YES_AGGRESSIVE;
				CLANG_WARN_UNREACHABLE_CODE = YES;
				CLANG_WARN__DUPLICATE_METHOD_MATCH = YES;
				CODE_SIGN_IDENTITY = "iPhone Developer";
				COPY_PHASE_STRIP = NO;
				DEBUG_INFORMATION_FORMAT = "dwarf-with-dsym";
				ENABLE_NS_ASSERTIONS = NO;
				ENABLE_STRICT_OBJC_MSGSEND = YES;
				GCC_C_LANGUAGE_STANDARD = gnu11;
				GCC_NO_COMMON_BLOCKS = YES;
				GCC_WARN_64_TO_32_BIT_CONVERSION = YES;
				GCC_WARN_ABOUT_RETURN_TYPE = YES_ERROR;
				GCC_WARN_UNDECLARED_SELECTOR = YES;
				GCC_WARN_UNINITIALIZED_AUTOS = YES_AGGRESSIVE;
				GCC_WARN_UNUSED_FUNCTION = YES;
				GCC_WARN_UNUSED_VARIABLE = YES;
				IPHONEOS_DEPLOYMENT_TARGET = 11.2;
				MTL_ENABLE_DEBUG_INFO = NO;
				SDKROOT = iphoneos;
				SWIFT_OPTIMIZATION_LEVEL = "-Owholemodule";
				VALIDATE_PRODUCT = YES;
			};
			name = Release;
		};
		6E658DD520822FE800D6ECE3 /* Debug */ = {
			isa = XCBuildConfiguration;
			buildSettings = {
				ASSETCATALOG_COMPILER_APPICON_NAME = AppIcon;
				CODE_SIGN_STYLE = Automatic;
				DEVELOPMENT_TEAM = SND442L4NF;
				INFOPLIST_FILE = SwiftExercise/Info.plist;
				IPHONEOS_DEPLOYMENT_TARGET = 11.2;
				LD_RUNPATH_SEARCH_PATHS = "$(inherited) @executable_path/Frameworks";
				PRODUCT_BUNDLE_IDENTIFIER = navidjalili.SwiftExercise;
				PRODUCT_NAME = "$(TARGET_NAME)";
				SWIFT_VERSION = 4.0;
				TARGETED_DEVICE_FAMILY = "1,2";
			};
			name = Debug;
		};
		6E658DD620822FE800D6ECE3 /* Release */ = {
			isa = XCBuildConfiguration;
			buildSettings = {
				ASSETCATALOG_COMPILER_APPICON_NAME = AppIcon;
				CODE_SIGN_STYLE = Automatic;
				DEVELOPMENT_TEAM = SND442L4NF;
				INFOPLIST_FILE = SwiftExercise/Info.plist;
				IPHONEOS_DEPLOYMENT_TARGET = 11.2;
				LD_RUNPATH_SEARCH_PATHS = "$(inherited) @executable_path/Frameworks";
				PRODUCT_BUNDLE_IDENTIFIER = navidjalili.SwiftExercise;
				PRODUCT_NAME = "$(TARGET_NAME)";
				SWIFT_VERSION = 4.0;
				TARGETED_DEVICE_FAMILY = "1,2";
			};
			name = Release;
		};
		6E658DD820822FE800D6ECE3 /* Debug */ = {
			isa = XCBuildConfiguration;
			buildSettings = {
				ALWAYS_EMBED_SWIFT_STANDARD_LIBRARIES = YES;
				BUNDLE_LOADER = "$(TEST_HOST)";
				CODE_SIGN_STYLE = Automatic;
				DEVELOPMENT_TEAM = SND442L4NF;
				INFOPLIST_FILE = SwiftExerciseTests/Info.plist;
				LD_RUNPATH_SEARCH_PATHS = "$(inherited) @executable_path/Frameworks @loader_path/Frameworks";
				PRODUCT_BUNDLE_IDENTIFIER = navidjalili.SwiftExerciseTests;
				PRODUCT_NAME = "$(TARGET_NAME)";
				SWIFT_VERSION = 4.0;
				TARGETED_DEVICE_FAMILY = "1,2";
				TEST_HOST = "$(BUILT_PRODUCTS_DIR)/SwiftExercise.app/SwiftExercise";
			};
			name = Debug;
		};
		6E658DD920822FE800D6ECE3 /* Release */ = {
			isa = XCBuildConfiguration;
			buildSettings = {
				ALWAYS_EMBED_SWIFT_STANDARD_LIBRARIES = YES;
				BUNDLE_LOADER = "$(TEST_HOST)";
				CODE_SIGN_STYLE = Automatic;
				DEVELOPMENT_TEAM = SND442L4NF;
				INFOPLIST_FILE = SwiftExerciseTests/Info.plist;
				LD_RUNPATH_SEARCH_PATHS = "$(inherited) @executable_path/Frameworks @loader_path/Frameworks";
				PRODUCT_BUNDLE_IDENTIFIER = navidjalili.SwiftExerciseTests;
				PRODUCT_NAME = "$(TARGET_NAME)";
				SWIFT_VERSION = 4.0;
				TARGETED_DEVICE_FAMILY = "1,2";
				TEST_HOST = "$(BUILT_PRODUCTS_DIR)/SwiftExercise.app/SwiftExercise";
			};
			name = Release;
		};
		6E658DDB20822FE800D6ECE3 /* Debug */ = {
			isa = XCBuildConfiguration;
			buildSettings = {
				ALWAYS_EMBED_SWIFT_STANDARD_LIBRARIES = YES;
				CODE_SIGN_STYLE = Automatic;
				DEVELOPMENT_TEAM = SND442L4NF;
				INFOPLIST_FILE = SwiftExerciseUITests/Info.plist;
				LD_RUNPATH_SEARCH_PATHS = "$(inherited) @executable_path/Frameworks @loader_path/Frameworks";
				PRODUCT_BUNDLE_IDENTIFIER = navidjalili.SwiftExerciseUITests;
				PRODUCT_NAME = "$(TARGET_NAME)";
				SWIFT_VERSION = 4.0;
				TARGETED_DEVICE_FAMILY = "1,2";
				TEST_TARGET_NAME = SwiftExercise;
			};
			name = Debug;
		};
		6E658DDC20822FE800D6ECE3 /* Release */ = {
			isa = XCBuildConfiguration;
			buildSettings = {
				ALWAYS_EMBED_SWIFT_STANDARD_LIBRARIES = YES;
				CODE_SIGN_STYLE = Automatic;
				DEVELOPMENT_TEAM = SND442L4NF;
				INFOPLIST_FILE = SwiftExerciseUITests/Info.plist;
				LD_RUNPATH_SEARCH_PATHS = "$(inherited) @executable_path/Frameworks @loader_path/Frameworks";
				PRODUCT_BUNDLE_IDENTIFIER = navidjalili.SwiftExerciseUITests;
				PRODUCT_NAME = "$(TARGET_NAME)";
				SWIFT_VERSION = 4.0;
				TARGETED_DEVICE_FAMILY = "1,2";
				TEST_TARGET_NAME = SwiftExercise;
			};
			name = Release;
		};
/* End XCBuildConfiguration section */

/* Begin XCConfigurationList section */
		6E658DA720822FE700D6ECE3 /* Build configuration list for PBXProject "SwiftExercise" */ = {
			isa = XCConfigurationList;
			buildConfigurations = (
				6E658DD220822FE800D6ECE3 /* Debug */,
				6E658DD320822FE800D6ECE3 /* Release */,
			);
			defaultConfigurationIsVisible = 0;
			defaultConfigurationName = Release;
		};
		6E658DD420822FE800D6ECE3 /* Build configuration list for PBXNativeTarget "SwiftExercise" */ = {
			isa = XCConfigurationList;
			buildConfigurations = (
				6E658DD520822FE800D6ECE3 /* Debug */,
				6E658DD620822FE800D6ECE3 /* Release */,
			);
			defaultConfigurationIsVisible = 0;
			defaultConfigurationName = Release;
		};
		6E658DD720822FE800D6ECE3 /* Build configuration list for PBXNativeTarget "SwiftExerciseTests" */ = {
			isa = XCConfigurationList;
			buildConfigurations = (
				6E658DD820822FE800D6ECE3 /* Debug */,
				6E658DD920822FE800D6ECE3 /* Release */,
			);
			defaultConfigurationIsVisible = 0;
			defaultConfigurationName = Release;
		};
		6E658DDA20822FE800D6ECE3 /* Build configuration list for PBXNativeTarget "SwiftExerciseUITests" */ = {
			isa = XCConfigurationList;
			buildConfigurations = (
				6E658DDB20822FE800D6ECE3 /* Debug */,
				6E658DDC20822FE800D6ECE3 /* Release */,
			);
			defaultConfigurationIsVisible = 0;
			defaultConfigurationName = Release;
		};
/* End XCConfigurationList section */
	};
	rootObject = 6E658DA420822FE700D6ECE3 /* Project object */;
}
