// !$*UTF8*$!
{
	archiveVersion = 1;
	classes = {
	};
	objectVersion = 48;
	objects = {

/* Begin PBXBuildFile section */
		4F140004ED26D48DBD5BFF6C /* Pods_CustomerTable.framework in Frameworks */ = {isa = PBXBuildFile; fileRef = CF056B8E9F8A35AB46E5BD9D /* Pods_CustomerTable.framework */; };
		6ED5041E208789EB0062EEC6 /* AppDelegate.swift in Sources */ = {isa = PBXBuildFile; fileRef = 6ED5041D208789EB0062EEC6 /* AppDelegate.swift */; };
		6ED50420208789EB0062EEC6 /* ViewController.swift in Sources */ = {isa = PBXBuildFile; fileRef = 6ED5041F208789EB0062EEC6 /* ViewController.swift */; };
		6ED50423208789EB0062EEC6 /* Main.storyboard in Resources */ = {isa = PBXBuildFile; fileRef = 6ED50421208789EB0062EEC6 /* Main.storyboard */; };
		6ED50425208789EB0062EEC6 /* Assets.xcassets in Resources */ = {isa = PBXBuildFile; fileRef = 6ED50424208789EB0062EEC6 /* Assets.xcassets */; };
		6ED50428208789EB0062EEC6 /* LaunchScreen.storyboard in Resources */ = {isa = PBXBuildFile; fileRef = 6ED50426208789EB0062EEC6 /* LaunchScreen.storyboard */; };
		6ED50433208789EB0062EEC6 /* CustomerTableTests.swift in Sources */ = {isa = PBXBuildFile; fileRef = 6ED50432208789EB0062EEC6 /* CustomerTableTests.swift */; };
		6ED5043E208789EB0062EEC6 /* CustomerTableUITests.swift in Sources */ = {isa = PBXBuildFile; fileRef = 6ED5043D208789EB0062EEC6 /* CustomerTableUITests.swift */; };
		6ED5044E20879A610062EEC6 /* CustomerTableViewCell.swift in Sources */ = {isa = PBXBuildFile; fileRef = 6ED5044B20879A610062EEC6 /* CustomerTableViewCell.swift */; };
		6ED5044F20879A610062EEC6 /* GoogleService-Info.plist in Resources */ = {isa = PBXBuildFile; fileRef = 6ED5044C20879A610062EEC6 /* GoogleService-Info.plist */; };
		6ED5045020879A610062EEC6 /* AddViewController.swift in Sources */ = {isa = PBXBuildFile; fileRef = 6ED5044D20879A610062EEC6 /* AddViewController.swift */; };
		F70D68EA2ED6C7D35305B707 /* Pods_CustomerTableTests.framework in Frameworks */ = {isa = PBXBuildFile; fileRef = A7B6661A5B87BCE00AEA64F6 /* Pods_CustomerTableTests.framework */; };
/* End PBXBuildFile section */

/* Begin PBXContainerItemProxy section */
		6ED5042F208789EB0062EEC6 /* PBXContainerItemProxy */ = {
			isa = PBXContainerItemProxy;
			containerPortal = 6ED50412208789EB0062EEC6 /* Project object */;
			proxyType = 1;
			remoteGlobalIDString = 6ED50419208789EB0062EEC6;
			remoteInfo = CustomerTable;
		};
		6ED5043A208789EB0062EEC6 /* PBXContainerItemProxy */ = {
			isa = PBXContainerItemProxy;
			containerPortal = 6ED50412208789EB0062EEC6 /* Project object */;
			proxyType = 1;
			remoteGlobalIDString = 6ED50419208789EB0062EEC6;
			remoteInfo = CustomerTable;
		};
/* End PBXContainerItemProxy section */

/* Begin PBXFileReference section */
		134355880784EC20273B6C48 /* Pods-CustomerTable.debug.xcconfig */ = {isa = PBXFileReference; includeInIndex = 1; lastKnownFileType = text.xcconfig; name = "Pods-CustomerTable.debug.xcconfig"; path = "Pods/Target Support Files/Pods-CustomerTable/Pods-CustomerTable.debug.xcconfig"; sourceTree = "<group>"; };
		35CE81D12660FAAB766D4F56 /* Pods-CustomerTableTests.release.xcconfig */ = {isa = PBXFileReference; includeInIndex = 1; lastKnownFileType = text.xcconfig; name = "Pods-CustomerTableTests.release.xcconfig"; path = "Pods/Target Support Files/Pods-CustomerTableTests/Pods-CustomerTableTests.release.xcconfig"; sourceTree = "<group>"; };
		6ED5041A208789EB0062EEC6 /* CustomerTable.app */ = {isa = PBXFileReference; explicitFileType = wrapper.application; includeInIndex = 0; path = CustomerTable.app; sourceTree = BUILT_PRODUCTS_DIR; };
		6ED5041D208789EB0062EEC6 /* AppDelegate.swift */ = {isa = PBXFileReference; lastKnownFileType = sourcecode.swift; path = AppDelegate.swift; sourceTree = "<group>"; };
		6ED5041F208789EB0062EEC6 /* ViewController.swift */ = {isa = PBXFileReference; lastKnownFileType = sourcecode.swift; path = ViewController.swift; sourceTree = "<group>"; };
		6ED50422208789EB0062EEC6 /* Base */ = {isa = PBXFileReference; lastKnownFileType = file.storyboard; name = Base; path = Base.lproj/Main.storyboard; sourceTree = "<group>"; };
		6ED50424208789EB0062EEC6 /* Assets.xcassets */ = {isa = PBXFileReference; lastKnownFileType = folder.assetcatalog; path = Assets.xcassets; sourceTree = "<group>"; };
		6ED50427208789EB0062EEC6 /* Base */ = {isa = PBXFileReference; lastKnownFileType = file.storyboard; name = Base; path = Base.lproj/LaunchScreen.storyboard; sourceTree = "<group>"; };
		6ED50429208789EB0062EEC6 /* Info.plist */ = {isa = PBXFileReference; lastKnownFileType = text.plist.xml; path = Info.plist; sourceTree = "<group>"; };
		6ED5042E208789EB0062EEC6 /* CustomerTableTests.xctest */ = {isa = PBXFileReference; explicitFileType = wrapper.cfbundle; includeInIndex = 0; path = CustomerTableTests.xctest; sourceTree = BUILT_PRODUCTS_DIR; };
		6ED50432208789EB0062EEC6 /* CustomerTableTests.swift */ = {isa = PBXFileReference; lastKnownFileType = sourcecode.swift; path = CustomerTableTests.swift; sourceTree = "<group>"; };
		6ED50434208789EB0062EEC6 /* Info.plist */ = {isa = PBXFileReference; lastKnownFileType = text.plist.xml; path = Info.plist; sourceTree = "<group>"; };
		6ED50439208789EB0062EEC6 /* CustomerTableUITests.xctest */ = {isa = PBXFileReference; explicitFileType = wrapper.cfbundle; includeInIndex = 0; path = CustomerTableUITests.xctest; sourceTree = BUILT_PRODUCTS_DIR; };
		6ED5043D208789EB0062EEC6 /* CustomerTableUITests.swift */ = {isa = PBXFileReference; lastKnownFileType = sourcecode.swift; path = CustomerTableUITests.swift; sourceTree = "<group>"; };
		6ED5043F208789EB0062EEC6 /* Info.plist */ = {isa = PBXFileReference; lastKnownFileType = text.plist.xml; path = Info.plist; sourceTree = "<group>"; };
		6ED5044B20879A610062EEC6 /* CustomerTableViewCell.swift */ = {isa = PBXFileReference; fileEncoding = 4; lastKnownFileType = sourcecode.swift; path = CustomerTableViewCell.swift; sourceTree = "<group>"; };
		6ED5044C20879A610062EEC6 /* GoogleService-Info.plist */ = {isa = PBXFileReference; fileEncoding = 4; lastKnownFileType = text.plist.xml; path = "GoogleService-Info.plist"; sourceTree = "<group>"; };
		6ED5044D20879A610062EEC6 /* AddViewController.swift */ = {isa = PBXFileReference; fileEncoding = 4; lastKnownFileType = sourcecode.swift; path = AddViewController.swift; sourceTree = "<group>"; };
		A7B6661A5B87BCE00AEA64F6 /* Pods_CustomerTableTests.framework */ = {isa = PBXFileReference; explicitFileType = wrapper.framework; includeInIndex = 0; path = Pods_CustomerTableTests.framework; sourceTree = BUILT_PRODUCTS_DIR; };
		BBFCFA8033D6B04250530C24 /* Pods-CustomerTable.release.xcconfig */ = {isa = PBXFileReference; includeInIndex = 1; lastKnownFileType = text.xcconfig; name = "Pods-CustomerTable.release.xcconfig"; path = "Pods/Target Support Files/Pods-CustomerTable/Pods-CustomerTable.release.xcconfig"; sourceTree = "<group>"; };
		CF056B8E9F8A35AB46E5BD9D /* Pods_CustomerTable.framework */ = {isa = PBXFileReference; explicitFileType = wrapper.framework; includeInIndex = 0; path = Pods_CustomerTable.framework; sourceTree = BUILT_PRODUCTS_DIR; };
		D47FD3F37B649D30C80EFCEC /* Pods-CustomerTableTests.debug.xcconfig */ = {isa = PBXFileReference; includeInIndex = 1; lastKnownFileType = text.xcconfig; name = "Pods-CustomerTableTests.debug.xcconfig"; path = "Pods/Target Support Files/Pods-CustomerTableTests/Pods-CustomerTableTests.debug.xcconfig"; sourceTree = "<group>"; };
/* End PBXFileReference section */

/* Begin PBXFrameworksBuildPhase section */
		6ED50417208789EB0062EEC6 /* Frameworks */ = {
			isa = PBXFrameworksBuildPhase;
			buildActionMask = 2147483647;
			files = (
				4F140004ED26D48DBD5BFF6C /* Pods_CustomerTable.framework in Frameworks */,
			);
			runOnlyForDeploymentPostprocessing = 0;
		};
		6ED5042B208789EB0062EEC6 /* Frameworks */ = {
			isa = PBXFrameworksBuildPhase;
			buildActionMask = 2147483647;
			files = (
				F70D68EA2ED6C7D35305B707 /* Pods_CustomerTableTests.framework in Frameworks */,
			);
			runOnlyForDeploymentPostprocessing = 0;
		};
		6ED50436208789EB0062EEC6 /* Frameworks */ = {
			isa = PBXFrameworksBuildPhase;
			buildActionMask = 2147483647;
			files = (
			);
			runOnlyForDeploymentPostprocessing = 0;
		};
/* End PBXFrameworksBuildPhase section */

/* Begin PBXGroup section */
		6ED50411208789EB0062EEC6 = {
			isa = PBXGroup;
			children = (
				6ED5041C208789EB0062EEC6 /* CustomerTable */,
				6ED50431208789EB0062EEC6 /* CustomerTableTests */,
				6ED5043C208789EB0062EEC6 /* CustomerTableUITests */,
				6ED5041B208789EB0062EEC6 /* Products */,
				DEF4EBCA9900B667924C5278 /* Pods */,
				D6795904B6B6B5551DAC23BF /* Frameworks */,
			);
			sourceTree = "<group>";
		};
		6ED5041B208789EB0062EEC6 /* Products */ = {
			isa = PBXGroup;
			children = (
				6ED5041A208789EB0062EEC6 /* CustomerTable.app */,
				6ED5042E208789EB0062EEC6 /* CustomerTableTests.xctest */,
				6ED50439208789EB0062EEC6 /* CustomerTableUITests.xctest */,
			);
			name = Products;
			sourceTree = "<group>";
		};
		6ED5041C208789EB0062EEC6 /* CustomerTable */ = {
			isa = PBXGroup;
			children = (
				6ED5044D20879A610062EEC6 /* AddViewController.swift */,
				6ED5044B20879A610062EEC6 /* CustomerTableViewCell.swift */,
				6ED5041D208789EB0062EEC6 /* AppDelegate.swift */,
				6ED5041F208789EB0062EEC6 /* ViewController.swift */,
				6ED50421208789EB0062EEC6 /* Main.storyboard */,
				6ED50424208789EB0062EEC6 /* Assets.xcassets */,
				6ED50426208789EB0062EEC6 /* LaunchScreen.storyboard */,
				6ED5044C20879A610062EEC6 /* GoogleService-Info.plist */,
				6ED50429208789EB0062EEC6 /* Info.plist */,
			);
			path = CustomerTable;
			sourceTree = "<group>";
		};
		6ED50431208789EB0062EEC6 /* CustomerTableTests */ = {
			isa = PBXGroup;
			children = (
				6ED50432208789EB0062EEC6 /* CustomerTableTests.swift */,
				6ED50434208789EB0062EEC6 /* Info.plist */,
			);
			path = CustomerTableTests;
			sourceTree = "<group>";
		};
		6ED5043C208789EB0062EEC6 /* CustomerTableUITests */ = {
			isa = PBXGroup;
			children = (
				6ED5043D208789EB0062EEC6 /* CustomerTableUITests.swift */,
				6ED5043F208789EB0062EEC6 /* Info.plist */,
			);
			path = CustomerTableUITests;
			sourceTree = "<group>";
		};
		D6795904B6B6B5551DAC23BF /* Frameworks */ = {
			isa = PBXGroup;
			children = (
				CF056B8E9F8A35AB46E5BD9D /* Pods_CustomerTable.framework */,
				A7B6661A5B87BCE00AEA64F6 /* Pods_CustomerTableTests.framework */,
			);
			name = Frameworks;
			sourceTree = "<group>";
		};
		DEF4EBCA9900B667924C5278 /* Pods */ = {
			isa = PBXGroup;
			children = (
				134355880784EC20273B6C48 /* Pods-CustomerTable.debug.xcconfig */,
				BBFCFA8033D6B04250530C24 /* Pods-CustomerTable.release.xcconfig */,
				D47FD3F37B649D30C80EFCEC /* Pods-CustomerTableTests.debug.xcconfig */,
				35CE81D12660FAAB766D4F56 /* Pods-CustomerTableTests.release.xcconfig */,
			);
			name = Pods;
			sourceTree = "<group>";
		};
/* End PBXGroup section */

/* Begin PBXNativeTarget section */
		6ED50419208789EB0062EEC6 /* CustomerTable */ = {
			isa = PBXNativeTarget;
			buildConfigurationList = 6ED50442208789EB0062EEC6 /* Build configuration list for PBXNativeTarget "CustomerTable" */;
			buildPhases = (
				143FA3ACAFEDA2C82C158D93 /* [CP] Check Pods Manifest.lock */,
				6ED50416208789EB0062EEC6 /* Sources */,
				6ED50417208789EB0062EEC6 /* Frameworks */,
				6ED50418208789EB0062EEC6 /* Resources */,
				A551B457D4D9A1B27158BA0A /* [CP] Embed Pods Frameworks */,
				79D56F0F5A27CBBD121EED09 /* [CP] Copy Pods Resources */,
			);
			buildRules = (
			);
			dependencies = (
			);
			name = CustomerTable;
			productName = CustomerTable;
			productReference = 6ED5041A208789EB0062EEC6 /* CustomerTable.app */;
			productType = "com.apple.product-type.application";
		};
		6ED5042D208789EB0062EEC6 /* CustomerTableTests */ = {
			isa = PBXNativeTarget;
			buildConfigurationList = 6ED50445208789EB0062EEC6 /* Build configuration list for PBXNativeTarget "CustomerTableTests" */;
			buildPhases = (
				8BF23FF1BEF46E9169271E46 /* [CP] Check Pods Manifest.lock */,
				6ED5042A208789EB0062EEC6 /* Sources */,
				6ED5042B208789EB0062EEC6 /* Frameworks */,
				6ED5042C208789EB0062EEC6 /* Resources */,
				18A7C7C33433BEE3C94CF85C /* [CP] Embed Pods Frameworks */,
				5F94ED8E3A0D070DD89D6E29 /* [CP] Copy Pods Resources */,
			);
			buildRules = (
			);
			dependencies = (
				6ED50430208789EB0062EEC6 /* PBXTargetDependency */,
			);
			name = CustomerTableTests;
			productName = CustomerTableTests;
			productReference = 6ED5042E208789EB0062EEC6 /* CustomerTableTests.xctest */;
			productType = "com.apple.product-type.bundle.unit-test";
		};
		6ED50438208789EB0062EEC6 /* CustomerTableUITests */ = {
			isa = PBXNativeTarget;
			buildConfigurationList = 6ED50448208789EB0062EEC6 /* Build configuration list for PBXNativeTarget "CustomerTableUITests" */;
			buildPhases = (
				6ED50435208789EB0062EEC6 /* Sources */,
				6ED50436208789EB0062EEC6 /* Frameworks */,
				6ED50437208789EB0062EEC6 /* Resources */,
			);
			buildRules = (
			);
			dependencies = (
				6ED5043B208789EB0062EEC6 /* PBXTargetDependency */,
			);
			name = CustomerTableUITests;
			productName = CustomerTableUITests;
			productReference = 6ED50439208789EB0062EEC6 /* CustomerTableUITests.xctest */;
			productType = "com.apple.product-type.bundle.ui-testing";
		};
/* End PBXNativeTarget section */

/* Begin PBXProject section */
		6ED50412208789EB0062EEC6 /* Project object */ = {
			isa = PBXProject;
			attributes = {
				LastSwiftUpdateCheck = 0920;
				LastUpgradeCheck = 0920;
				ORGANIZATIONNAME = navidjalili;
				TargetAttributes = {
					6ED50419208789EB0062EEC6 = {
						CreatedOnToolsVersion = 9.2;
						ProvisioningStyle = Automatic;
					};
					6ED5042D208789EB0062EEC6 = {
						CreatedOnToolsVersion = 9.2;
						ProvisioningStyle = Automatic;
						TestTargetID = 6ED50419208789EB0062EEC6;
					};
					6ED50438208789EB0062EEC6 = {
						CreatedOnToolsVersion = 9.2;
						ProvisioningStyle = Automatic;
						TestTargetID = 6ED50419208789EB0062EEC6;
					};
				};
			};
			buildConfigurationList = 6ED50415208789EB0062EEC6 /* Build configuration list for PBXProject "CustomerTable" */;
			compatibilityVersion = "Xcode 8.0";
			developmentRegion = en;
			hasScannedForEncodings = 0;
			knownRegions = (
				en,
				Base,
			);
			mainGroup = 6ED50411208789EB0062EEC6;
			productRefGroup = 6ED5041B208789EB0062EEC6 /* Products */;
			projectDirPath = "";
			projectRoot = "";
			targets = (
				6ED50419208789EB0062EEC6 /* CustomerTable */,
				6ED5042D208789EB0062EEC6 /* CustomerTableTests */,
				6ED50438208789EB0062EEC6 /* CustomerTableUITests */,
			);
		};
/* End PBXProject section */

/* Begin PBXResourcesBuildPhase section */
		6ED50418208789EB0062EEC6 /* Resources */ = {
			isa = PBXResourcesBuildPhase;
			buildActionMask = 2147483647;
			files = (
				6ED50428208789EB0062EEC6 /* LaunchScreen.storyboard in Resources */,
				6ED5044F20879A610062EEC6 /* GoogleService-Info.plist in Resources */,
				6ED50425208789EB0062EEC6 /* Assets.xcassets in Resources */,
				6ED50423208789EB0062EEC6 /* Main.storyboard in Resources */,
			);
			runOnlyForDeploymentPostprocessing = 0;
		};
		6ED5042C208789EB0062EEC6 /* Resources */ = {
			isa = PBXResourcesBuildPhase;
			buildActionMask = 2147483647;
			files = (
			);
			runOnlyForDeploymentPostprocessing = 0;
		};
		6ED50437208789EB0062EEC6 /* Resources */ = {
			isa = PBXResourcesBuildPhase;
			buildActionMask = 2147483647;
			files = (
			);
			runOnlyForDeploymentPostprocessing = 0;
		};
/* End PBXResourcesBuildPhase section */

/* Begin PBXShellScriptBuildPhase section */
		143FA3ACAFEDA2C82C158D93 /* [CP] Check Pods Manifest.lock */ = {
			isa = PBXShellScriptBuildPhase;
			buildActionMask = 2147483647;
			files = (
			);
			inputPaths = (
				"${PODS_PODFILE_DIR_PATH}/Podfile.lock",
				"${PODS_ROOT}/Manifest.lock",
			);
			name = "[CP] Check Pods Manifest.lock";
			outputPaths = (
				"$(DERIVED_FILE_DIR)/Pods-CustomerTable-checkManifestLockResult.txt",
			);
			runOnlyForDeploymentPostprocessing = 0;
			shellPath = /bin/sh;
			shellScript = "diff \"${PODS_PODFILE_DIR_PATH}/Podfile.lock\" \"${PODS_ROOT}/Manifest.lock\" > /dev/null\nif [ $? != 0 ] ; then\n    # print error to STDERR\n    echo \"error: The sandbox is not in sync with the Podfile.lock. Run 'pod install' or update your CocoaPods installation.\" >&2\n    exit 1\nfi\n# This output is used by Xcode 'outputs' to avoid re-running this script phase.\necho \"SUCCESS\" > \"${SCRIPT_OUTPUT_FILE_0}\"\n";
			showEnvVarsInLog = 0;
		};
		18A7C7C33433BEE3C94CF85C /* [CP] Embed Pods Frameworks */ = {
			isa = PBXShellScriptBuildPhase;
			buildActionMask = 2147483647;
			files = (
			);
			inputPaths = (
				"${SRCROOT}/Pods/Target Support Files/Pods-CustomerTableTests/Pods-CustomerTableTests-frameworks.sh",
				"${BUILT_PRODUCTS_DIR}/GoogleToolboxForMac/GoogleToolboxForMac.framework",
				"${BUILT_PRODUCTS_DIR}/nanopb/nanopb.framework",
			);
			name = "[CP] Embed Pods Frameworks";
			outputPaths = (
				"${TARGET_BUILD_DIR}/${FRAMEWORKS_FOLDER_PATH}/GoogleToolboxForMac.framework",
				"${TARGET_BUILD_DIR}/${FRAMEWORKS_FOLDER_PATH}/nanopb.framework",
			);
			runOnlyForDeploymentPostprocessing = 0;
			shellPath = /bin/sh;
			shellScript = "\"${SRCROOT}/Pods/Target Support Files/Pods-CustomerTableTests/Pods-CustomerTableTests-frameworks.sh\"\n";
			showEnvVarsInLog = 0;
		};
		5F94ED8E3A0D070DD89D6E29 /* [CP] Copy Pods Resources */ = {
			isa = PBXShellScriptBuildPhase;
			buildActionMask = 2147483647;
			files = (
			);
			inputPaths = (
			);
			name = "[CP] Copy Pods Resources";
			outputPaths = (
			);
			runOnlyForDeploymentPostprocessing = 0;
			shellPath = /bin/sh;
			shellScript = "\"${SRCROOT}/Pods/Target Support Files/Pods-CustomerTableTests/Pods-CustomerTableTests-resources.sh\"\n";
			showEnvVarsInLog = 0;
		};
		79D56F0F5A27CBBD121EED09 /* [CP] Copy Pods Resources */ = {
			isa = PBXShellScriptBuildPhase;
			buildActionMask = 2147483647;
			files = (
			);
			inputPaths = (
			);
			name = "[CP] Copy Pods Resources";
			outputPaths = (
			);
			runOnlyForDeploymentPostprocessing = 0;
			shellPath = /bin/sh;
			shellScript = "\"${SRCROOT}/Pods/Target Support Files/Pods-CustomerTable/Pods-CustomerTable-resources.sh\"\n";
			showEnvVarsInLog = 0;
		};
		8BF23FF1BEF46E9169271E46 /* [CP] Check Pods Manifest.lock */ = {
			isa = PBXShellScriptBuildPhase;
			buildActionMask = 2147483647;
			files = (
			);
			inputPaths = (
				"${PODS_PODFILE_DIR_PATH}/Podfile.lock",
				"${PODS_ROOT}/Manifest.lock",
			);
			name = "[CP] Check Pods Manifest.lock";
			outputPaths = (
				"$(DERIVED_FILE_DIR)/Pods-CustomerTableTests-checkManifestLockResult.txt",
			);
			runOnlyForDeploymentPostprocessing = 0;
			shellPath = /bin/sh;
			shellScript = "diff \"${PODS_PODFILE_DIR_PATH}/Podfile.lock\" \"${PODS_ROOT}/Manifest.lock\" > /dev/null\nif [ $? != 0 ] ; then\n    # print error to STDERR\n    echo \"error: The sandbox is not in sync with the Podfile.lock. Run 'pod install' or update your CocoaPods installation.\" >&2\n    exit 1\nfi\n# This output is used by Xcode 'outputs' to avoid re-running this script phase.\necho \"SUCCESS\" > \"${SCRIPT_OUTPUT_FILE_0}\"\n";
			showEnvVarsInLog = 0;
		};
		A551B457D4D9A1B27158BA0A /* [CP] Embed Pods Frameworks */ = {
			isa = PBXShellScriptBuildPhase;
			buildActionMask = 2147483647;
			files = (
			);
			inputPaths = (
				"${SRCROOT}/Pods/Target Support Files/Pods-CustomerTable/Pods-CustomerTable-frameworks.sh",
				"${BUILT_PRODUCTS_DIR}/Alamofire/Alamofire.framework",
				"${BUILT_PRODUCTS_DIR}/GoogleToolboxForMac/GoogleToolboxForMac.framework",
				"${BUILT_PRODUCTS_DIR}/IQKeyboardManagerSwift/IQKeyboardManagerSwift.framework",
				"${BUILT_PRODUCTS_DIR}/KVNProgress/KVNProgress.framework",
				"${BUILT_PRODUCTS_DIR}/MGSwipeTableCell/MGSwipeTableCell.framework",
				"${BUILT_PRODUCTS_DIR}/SwiftyJSON/SwiftyJSON.framework",
				"${BUILT_PRODUCTS_DIR}/leveldb-library/leveldb.framework",
				"${BUILT_PRODUCTS_DIR}/nanopb/nanopb.framework",
			);
			name = "[CP] Embed Pods Frameworks";
			outputPaths = (
				"${TARGET_BUILD_DIR}/${FRAMEWORKS_FOLDER_PATH}/Alamofire.framework",
				"${TARGET_BUILD_DIR}/${FRAMEWORKS_FOLDER_PATH}/GoogleToolboxForMac.framework",
				"${TARGET_BUILD_DIR}/${FRAMEWORKS_FOLDER_PATH}/IQKeyboardManagerSwift.framework",
				"${TARGET_BUILD_DIR}/${FRAMEWORKS_FOLDER_PATH}/KVNProgress.framework",
				"${TARGET_BUILD_DIR}/${FRAMEWORKS_FOLDER_PATH}/MGSwipeTableCell.framework",
				"${TARGET_BUILD_DIR}/${FRAMEWORKS_FOLDER_PATH}/SwiftyJSON.framework",
				"${TARGET_BUILD_DIR}/${FRAMEWORKS_FOLDER_PATH}/leveldb.framework",
				"${TARGET_BUILD_DIR}/${FRAMEWORKS_FOLDER_PATH}/nanopb.framework",
			);
			runOnlyForDeploymentPostprocessing = 0;
			shellPath = /bin/sh;
			shellScript = "\"${SRCROOT}/Pods/Target Support Files/Pods-CustomerTable/Pods-CustomerTable-frameworks.sh\"\n";
			showEnvVarsInLog = 0;
		};
/* End PBXShellScriptBuildPhase section */

/* Begin PBXSourcesBuildPhase section */
		6ED50416208789EB0062EEC6 /* Sources */ = {
			isa = PBXSourcesBuildPhase;
			buildActionMask = 2147483647;
			files = (
				6ED50420208789EB0062EEC6 /* ViewController.swift in Sources */,
				6ED5041E208789EB0062EEC6 /* AppDelegate.swift in Sources */,
				6ED5045020879A610062EEC6 /* AddViewController.swift in Sources */,
				6ED5044E20879A610062EEC6 /* CustomerTableViewCell.swift in Sources */,
			);
			runOnlyForDeploymentPostprocessing = 0;
		};
		6ED5042A208789EB0062EEC6 /* Sources */ = {
			isa = PBXSourcesBuildPhase;
			buildActionMask = 2147483647;
			files = (
				6ED50433208789EB0062EEC6 /* CustomerTableTests.swift in Sources */,
			);
			runOnlyForDeploymentPostprocessing = 0;
		};
		6ED50435208789EB0062EEC6 /* Sources */ = {
			isa = PBXSourcesBuildPhase;
			buildActionMask = 2147483647;
			files = (
				6ED5043E208789EB0062EEC6 /* CustomerTableUITests.swift in Sources */,
			);
			runOnlyForDeploymentPostprocessing = 0;
		};
/* End PBXSourcesBuildPhase section */

/* Begin PBXTargetDependency section */
		6ED50430208789EB0062EEC6 /* PBXTargetDependency */ = {
			isa = PBXTargetDependency;
			target = 6ED50419208789EB0062EEC6 /* CustomerTable */;
			targetProxy = 6ED5042F208789EB0062EEC6 /* PBXContainerItemProxy */;
		};
		6ED5043B208789EB0062EEC6 /* PBXTargetDependency */ = {
			isa = PBXTargetDependency;
			target = 6ED50419208789EB0062EEC6 /* CustomerTable */;
			targetProxy = 6ED5043A208789EB0062EEC6 /* PBXContainerItemProxy */;
		};
/* End PBXTargetDependency section */

/* Begin PBXVariantGroup section */
		6ED50421208789EB0062EEC6 /* Main.storyboard */ = {
			isa = PBXVariantGroup;
			children = (
				6ED50422208789EB0062EEC6 /* Base */,
			);
			name = Main.storyboard;
			sourceTree = "<group>";
		};
		6ED50426208789EB0062EEC6 /* LaunchScreen.storyboard */ = {
			isa = PBXVariantGroup;
			children = (
				6ED50427208789EB0062EEC6 /* Base */,
			);
			name = LaunchScreen.storyboard;
			sourceTree = "<group>";
		};
/* End PBXVariantGroup section */

/* Begin XCBuildConfiguration section */
		6ED50440208789EB0062EEC6 /* Debug */ = {
			isa = XCBuildConfiguration;
			buildSettings = {
				ALWAYS_SEARCH_USER_PATHS = NO;
				CLANG_ANALYZER_NONNULL = YES;
				CLANG_ANALYZER_NUMBER_OBJECT_CONVERSION = YES_AGGRESSIVE;
				CLANG_CXX_LANGUAGE_STANDARD = "gnu++14";
				CLANG_CXX_LIBRARY = "libc++";
				CLANG_ENABLE_MODULES = YES;
				CLANG_ENABLE_OBJC_ARC = YES;
				CLANG_WARN_BLOCK_CAPTURE_AUTORELEASING = YES;
				CLANG_WARN_BOOL_CONVERSION = YES;
				CLANG_WARN_COMMA = YES;
				CLANG_WARN_CONSTANT_CONVERSION = YES;
				CLANG_WARN_DIRECT_OBJC_ISA_USAGE = YES_ERROR;
				CLANG_WARN_DOCUMENTATION_COMMENTS = YES;
				CLANG_WARN_EMPTY_BODY = YES;
				CLANG_WARN_ENUM_CONVERSION = YES;
				CLANG_WARN_INFINITE_RECURSION = YES;
				CLANG_WARN_INT_CONVERSION = YES;
				CLANG_WARN_NON_LITERAL_NULL_CONVERSION = YES;
				CLANG_WARN_OBJC_LITERAL_CONVERSION = YES;
				CLANG_WARN_OBJC_ROOT_CLASS = YES_ERROR;
				CLANG_WARN_RANGE_LOOP_ANALYSIS = YES;
				CLANG_WARN_STRICT_PROTOTYPES = YES;
				CLANG_WARN_SUSPICIOUS_MOVE = YES;
				CLANG_WARN_UNGUARDED_AVAILABILITY = YES_AGGRESSIVE;
				CLANG_WARN_UNREACHABLE_CODE = YES;
				CLANG_WARN__DUPLICATE_METHOD_MATCH = YES;
				CODE_SIGN_IDENTITY = "iPhone Developer";
				COPY_PHASE_STRIP = NO;
				DEBUG_INFORMATION_FORMAT = dwarf;
				ENABLE_STRICT_OBJC_MSGSEND = YES;
				ENABLE_TESTABILITY = YES;
				GCC_C_LANGUAGE_STANDARD = gnu11;
				GCC_DYNAMIC_NO_PIC = NO;
				GCC_NO_COMMON_BLOCKS = YES;
				GCC_OPTIMIZATION_LEVEL = 0;
				GCC_PREPROCESSOR_DEFINITIONS = (
					"DEBUG=1",
					"$(inherited)",
				);
				GCC_WARN_64_TO_32_BIT_CONVERSION = YES;
				GCC_WARN_ABOUT_RETURN_TYPE = YES_ERROR;
				GCC_WARN_UNDECLARED_SELECTOR = YES;
				GCC_WARN_UNINITIALIZED_AUTOS = YES_AGGRESSIVE;
				GCC_WARN_UNUSED_FUNCTION = YES;
				GCC_WARN_UNUSED_VARIABLE = YES;
				IPHONEOS_DEPLOYMENT_TARGET = 11.2;
				MTL_ENABLE_DEBUG_INFO = YES;
				ONLY_ACTIVE_ARCH = YES;
				SDKROOT = iphoneos;
				SWIFT_ACTIVE_COMPILATION_CONDITIONS = DEBUG;
				SWIFT_OPTIMIZATION_LEVEL = "-Onone";
			};
			name = Debug;
		};
		6ED50441208789EB0062EEC6 /* Release */ = {
			isa = XCBuildConfiguration;
			buildSettings = {
				ALWAYS_SEARCH_USER_PATHS = NO;
				CLANG_ANALYZER_NONNULL = YES;
				CLANG_ANALYZER_NUMBER_OBJECT_CONVERSION = YES_AGGRESSIVE;
				CLANG_CXX_LANGUAGE_STANDARD = "gnu++14";
				CLANG_CXX_LIBRARY = "libc++";
				CLANG_ENABLE_MODULES = YES;
				CLANG_ENABLE_OBJC_ARC = YES;
				CLANG_WARN_BLOCK_CAPTURE_AUTORELEASING = YES;
				CLANG_WARN_BOOL_CONVERSION = YES;
				CLANG_WARN_COMMA = YES;
				CLANG_WARN_CONSTANT_CONVERSION = YES;
				CLANG_WARN_DIRECT_OBJC_ISA_USAGE = YES_ERROR;
				CLANG_WARN_DOCUMENTATION_COMMENTS = YES;
				CLANG_WARN_EMPTY_BODY = YES;
				CLANG_WARN_ENUM_CONVERSION = YES;
				CLANG_WARN_INFINITE_RECURSION = YES;
				CLANG_WARN_INT_CONVERSION = YES;
				CLANG_WARN_NON_LITERAL_NULL_CONVERSION = YES;
				CLANG_WARN_OBJC_LITERAL_CONVERSION = YES;
				CLANG_WARN_OBJC_ROOT_CLASS = YES_ERROR;
				CLANG_WARN_RANGE_LOOP_ANALYSIS = YES;
				CLANG_WARN_STRICT_PROTOTYPES = YES;
				CLANG_WARN_SUSPICIOUS_MOVE = YES;
				CLANG_WARN_UNGUARDED_AVAILABILITY = YES_AGGRESSIVE;
				CLANG_WARN_UNREACHABLE_CODE = YES;
				CLANG_WARN__DUPLICATE_METHOD_MATCH = YES;
				CODE_SIGN_IDENTITY = "iPhone Developer";
				COPY_PHASE_STRIP = NO;
				DEBUG_INFORMATION_FORMAT = "dwarf-with-dsym";
				ENABLE_NS_ASSERTIONS = NO;
				ENABLE_STRICT_OBJC_MSGSEND = YES;
				GCC_C_LANGUAGE_STANDARD = gnu11;
				GCC_NO_COMMON_BLOCKS = YES;
				GCC_WARN_64_TO_32_BIT_CONVERSION = YES;
				GCC_WARN_ABOUT_RETURN_TYPE = YES_ERROR;
				GCC_WARN_UNDECLARED_SELECTOR = YES;
				GCC_WARN_UNINITIALIZED_AUTOS = YES_AGGRESSIVE;
				GCC_WARN_UNUSED_FUNCTION = YES;
				GCC_WARN_UNUSED_VARIABLE = YES;
				IPHONEOS_DEPLOYMENT_TARGET = 11.2;
				MTL_ENABLE_DEBUG_INFO = NO;
				SDKROOT = iphoneos;
				SWIFT_OPTIMIZATION_LEVEL = "-Owholemodule";
				VALIDATE_PRODUCT = YES;
			};
			name = Release;
		};
		6ED50443208789EB0062EEC6 /* Debug */ = {
			isa = XCBuildConfiguration;
			baseConfigurationReference = 134355880784EC20273B6C48 /* Pods-CustomerTable.debug.xcconfig */;
			buildSettings = {
				ASSETCATALOG_COMPILER_APPICON_NAME = AppIcon;
				CODE_SIGN_STYLE = Automatic;
				DEVELOPMENT_TEAM = SND442L4NF;
				INFOPLIST_FILE = CustomerTable/Info.plist;
				IPHONEOS_DEPLOYMENT_TARGET = 10.3;
				LD_RUNPATH_SEARCH_PATHS = "$(inherited) @executable_path/Frameworks";
				PRODUCT_BUNDLE_IDENTIFIER = com.navidjalili.CustomerTable;
				PRODUCT_NAME = "$(TARGET_NAME)";
				SWIFT_VERSION = 4.0;
				TARGETED_DEVICE_FAMILY = "1,2";
			};
			name = Debug;
		};
		6ED50444208789EB0062EEC6 /* Release */ = {
			isa = XCBuildConfiguration;
			baseConfigurationReference = BBFCFA8033D6B04250530C24 /* Pods-CustomerTable.release.xcconfig */;
			buildSettings = {
				ASSETCATALOG_COMPILER_APPICON_NAME = AppIcon;
				CODE_SIGN_STYLE = Automatic;
				DEVELOPMENT_TEAM = SND442L4NF;
				INFOPLIST_FILE = CustomerTable/Info.plist;
				IPHONEOS_DEPLOYMENT_TARGET = 10.3;
				LD_RUNPATH_SEARCH_PATHS = "$(inherited) @executable_path/Frameworks";
				PRODUCT_BUNDLE_IDENTIFIER = com.navidjalili.CustomerTable;
				PRODUCT_NAME = "$(TARGET_NAME)";
				SWIFT_VERSION = 4.0;
				TARGETED_DEVICE_FAMILY = "1,2";
			};
			name = Release;
		};
		6ED50446208789EB0062EEC6 /* Debug */ = {
			isa = XCBuildConfiguration;
			baseConfigurationReference = D47FD3F37B649D30C80EFCEC /* Pods-CustomerTableTests.debug.xcconfig */;
			buildSettings = {
				ALWAYS_EMBED_SWIFT_STANDARD_LIBRARIES = YES;
				BUNDLE_LOADER = "$(TEST_HOST)";
				CODE_SIGN_STYLE = Automatic;
				DEVELOPMENT_TEAM = SND442L4NF;
				INFOPLIST_FILE = CustomerTableTests/Info.plist;
				LD_RUNPATH_SEARCH_PATHS = "$(inherited) @executable_path/Frameworks @loader_path/Frameworks";
				PRODUCT_BUNDLE_IDENTIFIER = navidjalili.CustomerTableTests;
				PRODUCT_NAME = "$(TARGET_NAME)";
				SWIFT_VERSION = 4.0;
				TARGETED_DEVICE_FAMILY = "1,2";
				TEST_HOST = "$(BUILT_PRODUCTS_DIR)/CustomerTable.app/CustomerTable";
			};
			name = Debug;
		};
		6ED50447208789EB0062EEC6 /* Release */ = {
			isa = XCBuildConfiguration;
			baseConfigurationReference = 35CE81D12660FAAB766D4F56 /* Pods-CustomerTableTests.release.xcconfig */;
			buildSettings = {
				ALWAYS_EMBED_SWIFT_STANDARD_LIBRARIES = YES;
				BUNDLE_LOADER = "$(TEST_HOST)";
				CODE_SIGN_STYLE = Automatic;
				DEVELOPMENT_TEAM = SND442L4NF;
				INFOPLIST_FILE = CustomerTableTests/Info.plist;
				LD_RUNPATH_SEARCH_PATHS = "$(inherited) @executable_path/Frameworks @loader_path/Frameworks";
				PRODUCT_BUNDLE_IDENTIFIER = navidjalili.CustomerTableTests;
				PRODUCT_NAME = "$(TARGET_NAME)";
				SWIFT_VERSION = 4.0;
				TARGETED_DEVICE_FAMILY = "1,2";
				TEST_HOST = "$(BUILT_PRODUCTS_DIR)/CustomerTable.app/CustomerTable";
			};
			name = Release;
		};
		6ED50449208789EB0062EEC6 /* Debug */ = {
			isa = XCBuildConfiguration;
			buildSettings = {
				ALWAYS_EMBED_SWIFT_STANDARD_LIBRARIES = YES;
				CODE_SIGN_STYLE = Automatic;
				DEVELOPMENT_TEAM = SND442L4NF;
				INFOPLIST_FILE = CustomerTableUITests/Info.plist;
				LD_RUNPATH_SEARCH_PATHS = "$(inherited) @executable_path/Frameworks @loader_path/Frameworks";
				PRODUCT_BUNDLE_IDENTIFIER = navidjalili.CustomerTableUITests;
				PRODUCT_NAME = "$(TARGET_NAME)";
				SWIFT_VERSION = 4.0;
				TARGETED_DEVICE_FAMILY = "1,2";
				TEST_TARGET_NAME = CustomerTable;
			};
			name = Debug;
		};
		6ED5044A208789EB0062EEC6 /* Release */ = {
			isa = XCBuildConfiguration;
			buildSettings = {
				ALWAYS_EMBED_SWIFT_STANDARD_LIBRARIES = YES;
				CODE_SIGN_STYLE = Automatic;
				DEVELOPMENT_TEAM = SND442L4NF;
				INFOPLIST_FILE = CustomerTableUITests/Info.plist;
				LD_RUNPATH_SEARCH_PATHS = "$(inherited) @executable_path/Frameworks @loader_path/Frameworks";
				PRODUCT_BUNDLE_IDENTIFIER = navidjalili.CustomerTableUITests;
				PRODUCT_NAME = "$(TARGET_NAME)";
				SWIFT_VERSION = 4.0;
				TARGETED_DEVICE_FAMILY = "1,2";
				TEST_TARGET_NAME = CustomerTable;
			};
			name = Release;
		};
/* End XCBuildConfiguration section */

/* Begin XCConfigurationList section */
		6ED50415208789EB0062EEC6 /* Build configuration list for PBXProject "CustomerTable" */ = {
			isa = XCConfigurationList;
			buildConfigurations = (
				6ED50440208789EB0062EEC6 /* Debug */,
				6ED50441208789EB0062EEC6 /* Release */,
			);
			defaultConfigurationIsVisible = 0;
			defaultConfigurationName = Release;
		};
		6ED50442208789EB0062EEC6 /* Build configuration list for PBXNativeTarget "CustomerTable" */ = {
			isa = XCConfigurationList;
			buildConfigurations = (
				6ED50443208789EB0062EEC6 /* Debug */,
				6ED50444208789EB0062EEC6 /* Release */,
			);
			defaultConfigurationIsVisible = 0;
			defaultConfigurationName = Release;
		};
		6ED50445208789EB0062EEC6 /* Build configuration list for PBXNativeTarget "CustomerTableTests" */ = {
			isa = XCConfigurationList;
			buildConfigurations = (
				6ED50446208789EB0062EEC6 /* Debug */,
				6ED50447208789EB0062EEC6 /* Release */,
			);
			defaultConfigurationIsVisible = 0;
			defaultConfigurationName = Release;
		};
		6ED50448208789EB0062EEC6 /* Build configuration list for PBXNativeTarget "CustomerTableUITests" */ = {
			isa = XCConfigurationList;
			buildConfigurations = (
				6ED50449208789EB0062EEC6 /* Debug */,
				6ED5044A208789EB0062EEC6 /* Release */,
			);
			defaultConfigurationIsVisible = 0;
			defaultConfigurationName = Release;
		};
/* End XCConfigurationList section */
	};
	rootObject = 6ED50412208789EB0062EEC6 /* Project object */;
}
